// !$*UTF8*$!
{
	archiveVersion = 1;
	classes = {
	};
	objectVersion = 46;
	objects = {

/* Begin PBXBuildFile section */
		83AE3DFE1731EDB8007D6A99 /* UIKit.framework in Frameworks */ = {isa = PBXBuildFile; fileRef = 83AE3DFD1731EDB8007D6A99 /* UIKit.framework */; };
		83AE3E001731EDB8007D6A99 /* Foundation.framework in Frameworks */ = {isa = PBXBuildFile; fileRef = 83AE3DFF1731EDB8007D6A99 /* Foundation.framework */; };
		83AE3E021731EDB8007D6A99 /* CoreGraphics.framework in Frameworks */ = {isa = PBXBuildFile; fileRef = 83AE3E011731EDB8007D6A99 /* CoreGraphics.framework */; };
		83AE3E081731EDB8007D6A99 /* InfoPlist.strings in Resources */ = {isa = PBXBuildFile; fileRef = 83AE3E061731EDB8007D6A99 /* InfoPlist.strings */; };
		83AE3E0A1731EDB8007D6A99 /* main.m in Sources */ = {isa = PBXBuildFile; fileRef = 83AE3E091731EDB8007D6A99 /* main.m */; };
		83AE3E0E1731EDB8007D6A99 /* AppDelegate.m in Sources */ = {isa = PBXBuildFile; fileRef = 83AE3E0D1731EDB8007D6A99 /* AppDelegate.m */; };
		83AE3E111731EDB8007D6A99 /* MainStoryboard.storyboard in Resources */ = {isa = PBXBuildFile; fileRef = 83AE3E0F1731EDB8007D6A99 /* MainStoryboard.storyboard */; };
		83AE3E141731EDB8007D6A99 /* ViewController.m in Sources */ = {isa = PBXBuildFile; fileRef = 83AE3E131731EDB8007D6A99 /* ViewController.m */; };
/* End PBXBuildFile section */

/* Begin PBXFileReference section */
		83AE3DF91731EDB8007D6A99 /* mount.app */ = {isa = PBXFileReference; explicitFileType = wrapper.application; includeInIndex = 0; path = mount.app; sourceTree = BUILT_PRODUCTS_DIR; };
		83AE3DFD1731EDB8007D6A99 /* UIKit.framework */ = {isa = PBXFileReference; lastKnownFileType = wrapper.framework; name = UIKit.framework; path = System/Library/Frameworks/UIKit.framework; sourceTree = SDKROOT; };
		83AE3DFF1731EDB8007D6A99 /* Foundation.framework */ = {isa = PBXFileReference; lastKnownFileType = wrapper.framework; name = Foundation.framework; path = System/Library/Frameworks/Foundation.framework; sourceTree = SDKROOT; };
		83AE3E011731EDB8007D6A99 /* CoreGraphics.framework */ = {isa = PBXFileReference; lastKnownFileType = wrapper.framework; name = CoreGraphics.framework; path = System/Library/Frameworks/CoreGraphics.framework; sourceTree = SDKROOT; };
		83AE3E051731EDB8007D6A99 /* mount-Info.plist */ = {isa = PBXFileReference; path = "mount-Info.plist"; sourceTree = "<group>"; };
		83AE3E071731EDB8007D6A99 /* en */ = {isa = PBXFileReference; lastKnownFileType = text.plist.strings; name = en; path = en.lproj/InfoPlist.strings; sourceTree = "<group>"; };
		83AE3E091731EDB8007D6A99 /* main.m */ = {isa = PBXFileReference; lastKnownFileType = sourcecode.c.objc; path = main.m; sourceTree = "<group>"; };
		83AE3E0B1731EDB8007D6A99 /* mount-Prefix.pch */ = {isa = PBXFileReference; path = "mount-Prefix.pch"; sourceTree = "<group>"; };
		83AE3E0C1731EDB8007D6A99 /* AppDelegate.h */ = {isa = PBXFileReference; path = AppDelegate.h; sourceTree = "<group>"; };
		83AE3E0D1731EDB8007D6A99 /* AppDelegate.m */ = {isa = PBXFileReference; lastKnownFileType = sourcecode.c.objc; path = AppDelegate.m; sourceTree = "<group>"; };
		83AE3E101731EDB8007D6A99 /* en */ = {isa = PBXFileReference; lastKnownFileType = file.storyboard; name = en; path = en.lproj/MainStoryboard.storyboard; sourceTree = "<group>"; };
		83AE3E121731EDB8007D6A99 /* ViewController.h */ = {isa = PBXFileReference; path = ViewController.h; sourceTree = "<group>"; };
		83AE3E131731EDB8007D6A99 /* ViewController.m */ = {isa = PBXFileReference; lastKnownFileType = sourcecode.c.objc; path = ViewController.m; sourceTree = "<group>"; };
/* End PBXFileReference section */

/* Begin PBXFrameworksBuildPhase section */
		83AE3DF61731EDB8007D6A99 /* Frameworks */ = {
			isa = PBXFrameworksBuildPhase;
			buildActionMask = 2147483647;
			files = (
				83AE3DFE1731EDB8007D6A99 /* UIKit.framework in Frameworks */,
				83AE3E001731EDB8007D6A99 /* Foundation.framework in Frameworks */,
				83AE3E021731EDB8007D6A99 /* CoreGraphics.framework in Frameworks */,
			);
			runOnlyForDeploymentPostprocessing = 0;
		};
/* End PBXFrameworksBuildPhase section */

/* Begin PBXGroup section */
		83AE3DEE1731EDB8007D6A99 = {
			isa = PBXGroup;
			children = (
				83AE3E031731EDB8007D6A99 /* mount */,
				83AE3DFC1731EDB8007D6A99 /* Frameworks */,
				83AE3DFA1731EDB8007D6A99 /* Products */,
			);
			sourceTree = "<group>";
		};
		83AE3DFA1731EDB8007D6A99 /* Products */ = {
			isa = PBXGroup;
			children = (
				83AE3DF91731EDB8007D6A99 /* mount.app */,
			);
			name = Products;
			sourceTree = "<group>";
		};
		83AE3DFC1731EDB8007D6A99 /* Frameworks */ = {
			isa = PBXGroup;
			children = (
				83AE3DFD1731EDB8007D6A99 /* UIKit.framework */,
				83AE3DFF1731EDB8007D6A99 /* Foundation.framework */,
				83AE3E011731EDB8007D6A99 /* CoreGraphics.framework */,
			);
			name = Frameworks;
			sourceTree = "<group>";
		};
		83AE3E031731EDB8007D6A99 /* mount */ = {
			isa = PBXGroup;
			children = (
				83AE3E0C1731EDB8007D6A99 /* AppDelegate.h */,
				83AE3E0D1731EDB8007D6A99 /* AppDelegate.m */,
				83AE3E0F1731EDB8007D6A99 /* MainStoryboard.storyboard */,
				83AE3E121731EDB8007D6A99 /* ViewController.h */,
				83AE3E131731EDB8007D6A99 /* ViewController.m */,
				83AE3E041731EDB8007D6A99 /* Supporting Files */,
			);
			path = mount;
			sourceTree = "<group>";
		};
		83AE3E041731EDB8007D6A99 /* Supporting Files */ = {
			isa = PBXGroup;
			children = (
				83AE3E051731EDB8007D6A99 /* mount-Info.plist */,
				83AE3E061731EDB8007D6A99 /* InfoPlist.strings */,
				83AE3E091731EDB8007D6A99 /* main.m */,
				83AE3E0B1731EDB8007D6A99 /* mount-Prefix.pch */,
			);
			name = "Supporting Files";
			sourceTree = "<group>";
		};
/* End PBXGroup section */

/* Begin PBXNativeTarget section */
		83AE3DF81731EDB8007D6A99 /* mount */ = {
			isa = PBXNativeTarget;
			buildConfigurationList = 83AE3E171731EDB8007D6A99 /* Build configuration list for PBXNativeTarget "mount" */;
			buildPhases = (
				83AE3DF51731EDB8007D6A99 /* Sources */,
				83AE3DF61731EDB8007D6A99 /* Frameworks */,
				83AE3DF71731EDB8007D6A99 /* Resources */,
			);
			buildRules = (
			);
			dependencies = (
			);
			name = mount;
			productName = mount;
			productReference = 83AE3DF91731EDB8007D6A99 /* mount.app */;
			productType = "com.apple.product-type.application";
		};
/* End PBXNativeTarget section */

/* Begin PBXProject section */
		83AE3DF01731EDB8007D6A99 /* Project object */ = {
			isa = PBXProject;
			attributes = {
				LastUpgradeCheck = 0430;
			};
			buildConfigurationList = 83AE3DF31731EDB8007D6A99 /* Build configuration list for PBXProject "mount" */;
			compatibilityVersion = "Xcode 3.2";
			developmentRegion = English;
			hasScannedForEncodings = 0;
			knownRegions = (
				en,
			);
			mainGroup = 83AE3DEE1731EDB8007D6A99;
			productRefGroup = 83AE3DFA1731EDB8007D6A99 /* Products */;
			projectDirPath = "";
			projectRoot = "";
			targets = (
				83AE3DF81731EDB8007D6A99 /* mount */,
			);
		};
/* End PBXProject section */

/* Begin PBXResourcesBuildPhase section */
		83AE3DF71731EDB8007D6A99 /* Resources */ = {
			isa = PBXResourcesBuildPhase;
			buildActionMask = 2147483647;
			files = (
				83AE3E081731EDB8007D6A99 /* InfoPlist.strings in Resources */,
				83AE3E111731EDB8007D6A99 /* MainStoryboard.storyboard in Resources */,
			);
			runOnlyForDeploymentPostprocessing = 0;
		};
/* End PBXResourcesBuildPhase section */

/* Begin PBXSourcesBuildPhase section */
		83AE3DF51731EDB8007D6A99 /* Sources */ = {
			isa = PBXSourcesBuildPhase;
			buildActionMask = 2147483647;
			files = (
				83AE3E0A1731EDB8007D6A99 /* main.m in Sources */,
				83AE3E0E1731EDB8007D6A99 /* AppDelegate.m in Sources */,
				83AE3E141731EDB8007D6A99 /* ViewController.m in Sources */,
			);
			runOnlyForDeploymentPostprocessing = 0;
		};
/* End PBXSourcesBuildPhase section */

/* Begin PBXVariantGroup section */
		83AE3E061731EDB8007D6A99 /* InfoPlist.strings */ = {
			isa = PBXVariantGroup;
			children = (
				83AE3E071731EDB8007D6A99 /* en */,
			);
			name = InfoPlist.strings;
			sourceTree = "<group>";
		};
		83AE3E0F1731EDB8007D6A99 /* MainStoryboard.storyboard */ = {
			isa = PBXVariantGroup;
			children = (
				83AE3E101731EDB8007D6A99 /* en */,
			);
			name = MainStoryboard.storyboard;
			sourceTree = "<group>";
		};
/* End PBXVariantGroup section */

/* Begin XCBuildConfiguration section */
		83AE3E151731EDB8007D6A99 /* Debug */ = {
			isa = XCBuildConfiguration;
			buildSettings = {
				ALWAYS_SEARCH_USER_PATHS = NO;
				ARCHS = "$(ARCHS_STANDARD_32_BIT)";
				CLANG_ENABLE_OBJC_ARC = YES;
				"CODE_SIGN_IDENTITY[sdk=iphoneos*]" = "iPhone Developer";
				COPY_PHASE_STRIP = NO;
				GCC_C_LANGUAGE_STANDARD = gnu99;
				GCC_DYNAMIC_NO_PIC = NO;
				GCC_OPTIMIZATION_LEVEL = 0;
				GCC_PREPROCESSOR_DEFINITIONS = (
					"DEBUG=1",
					"$(inherited)",
				);
				GCC_SYMBOLS_PRIVATE_EXTERN = NO;
				GCC_VERSION = com.apple.compilers.llvm.clang.1_0;
				GCC_WARN_ABOUT_RETURN_TYPE = YES;
				GCC_WARN_UNINITIALIZED_AUTOS = YES;
				GCC_WARN_UNUSED_VARIABLE = YES;
				IPHONEOS_DEPLOYMENT_TARGET = 5.1;
				SDKROOT = iphoneos;
			};
			name = Debug;
		};
		83AE3E161731EDB8007D6A99 /* Release */ = {
			isa = XCBuildConfiguration;
			buildSettings = {
				ALWAYS_SEARCH_USER_PATHS = NO;
				ARCHS = "$(ARCHS_STANDARD_32_BIT)";
				CLANG_ENABLE_OBJC_ARC = YES;
				"CODE_SIGN_IDENTITY[sdk=iphoneos*]" = "iPhone Developer";
				COPY_PHASE_STRIP = YES;
				GCC_C_LANGUAGE_STANDARD = gnu99;
				GCC_VERSION = com.apple.compilers.llvm.clang.1_0;
				GCC_WARN_ABOUT_RETURN_TYPE = YES;
				GCC_WARN_UNINITIALIZED_AUTOS = YES;
				GCC_WARN_UNUSED_VARIABLE = YES;
				IPHONEOS_DEPLOYMENT_TARGET = 5.1;
				OTHER_CFLAGS = "-DNS_BLOCK_ASSERTIONS=1";
				SDKROOT = iphoneos;
				VALIDATE_PRODUCT = YES;
			};
			name = Release;
		};
		83AE3E181731EDB8007D6A99 /* Debug */ = {
			isa = XCBuildConfiguration;
			buildSettings = {
				GCC_PRECOMPILE_PREFIX_HEADER = YES;
				GCC_PREFIX_HEADER = "mount/mount-Prefix.pch";
				INFOPLIST_FILE = "mount/mount-Info.plist";
				PRODUCT_NAME = "$(TARGET_NAME)";
				WRAPPER_EXTENSION = app;
			};
			name = Debug;
		};
		83AE3E191731EDB8007D6A99 /* Release */ = {
			isa = XCBuildConfiguration;
			buildSettings = {
				GCC_PRECOMPILE_PREFIX_HEADER = YES;
				GCC_PREFIX_HEADER = "mount/mount-Prefix.pch";
				INFOPLIST_FILE = "mount/mount-Info.plist";
				PRODUCT_NAME = "$(TARGET_NAME)";
				WRAPPER_EXTENSION = app;
			};
			name = Release;
		};
/* End XCBuildConfiguration section */

/* Begin XCConfigurationList section */
		83AE3DF31731EDB8007D6A99 /* Build configuration list for PBXProject "mount" */ = {
			isa = XCConfigurationList;
			buildConfigurations = (
				83AE3E151731EDB8007D6A99 /* Debug */,
				83AE3E161731EDB8007D6A99 /* Release */,
			);
			defaultConfigurationIsVisible = 0;
			defaultConfigurationName = Release;
		};
		83AE3E171731EDB8007D6A99 /* Build configuration list for PBXNativeTarget "mount" */ = {
			isa = XCConfigurationList;
			buildConfigurations = (
				83AE3E181731EDB8007D6A99 /* Debug */,
				83AE3E191731EDB8007D6A99 /* Release */,
			);
			defaultConfigurationIsVisible = 0;
		};
/* End XCConfigurationList section */
	};
	rootObject = 83AE3DF01731EDB8007D6A99 /* Project object */;
}
